
Microsoft Visual Studio Solution File, Format Version 12.00
# Visual Studio Version 16
VisualStudioVersion = 16.0.29001.49
MinimumVisualStudioVersion = 10.0.40219.1
Project("{FAE04EC0-301F-11D3-BF4B-00C04F79EFBC}") = "ExtensionMethods", "ExtensionMethods\ExtensionMethods.csproj", "{1E98918C-589B-4268-A01E-CE0473A0D168}"
EndProject
Global
	GlobalSection(SolutionConfigurationPlatforms) = preSolution
		Debug|Any CPU = Debug|Any CPU
		Release|Any CPU = Release|Any CPU
	EndGlobalSection
	GlobalSection(ProjectConfigurationPlatforms) = postSolution
		{1E98918C-589B-4268-A01E-CE0473A0D168}.Debug|Any CPU.ActiveCfg = Debug|Any CPU
		{1E98918C-589B-4268-A01E-CE0473A0D168}.Debug|Any CPU.Build.0 = Debug|Any CPU
		{1E98918C-589B-4268-A01E-CE0473A0D168}.Release|Any CPU.ActiveCfg = Release|Any CPU
		{1E98918C-589B-4268-A01E-CE0473A0D168}.Release|Any CPU.Build.0 = Release|Any CPU
	EndGlobalSection
	GlobalSection(SolutionProperties) = preSolution
		HideSolutionNode = FALSE
	EndGlobalSection
	GlobalSection(ExtensibilityGlobals) = postSolution
		SolutionGuid = {9519EA9E-6D0A-4480-818C-5BBE01D2A5EB}
	EndGlobalSection
EndGlobal
